// !$*UTF8*$!
{
	archiveVersion = 1;
	classes = {
	};
	objectVersion = 46;
	objects = {

/* Begin PBXBuildFile section */
		EEA405481AAF12E100900C95 /* AppDelegate.swift in Sources */ = {isa = PBXBuildFile; fileRef = EEA405471AAF12E100900C95 /* AppDelegate.swift */; };
		EEA4054A1AAF12E100900C95 /* ViewController.swift in Sources */ = {isa = PBXBuildFile; fileRef = EEA405491AAF12E100900C95 /* ViewController.swift */; };
		EEA4054D1AAF12E100900C95 /* Main.storyboard in Resources */ = {isa = PBXBuildFile; fileRef = EEA4054B1AAF12E100900C95 /* Main.storyboard */; };
		EEA4054F1AAF12E100900C95 /* Images.xcassets in Resources */ = {isa = PBXBuildFile; fileRef = EEA4054E1AAF12E100900C95 /* Images.xcassets */; };
		EEA405521AAF12E100900C95 /* LaunchScreen.xib in Resources */ = {isa = PBXBuildFile; fileRef = EEA405501AAF12E100900C95 /* LaunchScreen.xib */; };
		EEA4055E1AAF12E200900C95 /* Pitch_PerfectTests.swift in Sources */ = {isa = PBXBuildFile; fileRef = EEA4055D1AAF12E200900C95 /* Pitch_PerfectTests.swift */; };
/* End PBXBuildFile section */

/* Begin PBXContainerItemProxy section */
		EEA405581AAF12E200900C95 /* PBXContainerItemProxy */ = {
			isa = PBXContainerItemProxy;
			containerPortal = EEA4053A1AAF12E100900C95 /* Project object */;
			proxyType = 1;
			remoteGlobalIDString = EEA405411AAF12E100900C95;
			remoteInfo = "Pitch Perfect";
		};
/* End PBXContainerItemProxy section */

/* Begin PBXFileReference section */
		EEA405421AAF12E100900C95 /* Pitch Perfect.app */ = {isa = PBXFileReference; explicitFileType = wrapper.application; includeInIndex = 0; path = "Pitch Perfect.app"; sourceTree = BUILT_PRODUCTS_DIR; };
		EEA405461AAF12E100900C95 /* Info.plist */ = {isa = PBXFileReference; lastKnownFileType = text.plist.xml; path = Info.plist; sourceTree = "<group>"; };
		EEA405471AAF12E100900C95 /* AppDelegate.swift */ = {isa = PBXFileReference; lastKnownFileType = sourcecode.swift; path = AppDelegate.swift; sourceTree = "<group>"; };
		EEA405491AAF12E100900C95 /* ViewController.swift */ = {isa = PBXFileReference; lastKnownFileType = sourcecode.swift; path = ViewController.swift; sourceTree = "<group>"; };
		EEA4054C1AAF12E100900C95 /* Base */ = {isa = PBXFileReference; lastKnownFileType = file.storyboard; name = Base; path = Base.lproj/Main.storyboard; sourceTree = "<group>"; };
		EEA4054E1AAF12E100900C95 /* Images.xcassets */ = {isa = PBXFileReference; lastKnownFileType = folder.assetcatalog; path = Images.xcassets; sourceTree = "<group>"; };
		EEA405511AAF12E100900C95 /* Base */ = {isa = PBXFileReference; lastKnownFileType = file.xib; name = Base; path = Base.lproj/LaunchScreen.xib; sourceTree = "<group>"; };
		EEA405571AAF12E200900C95 /* Pitch PerfectTests.xctest */ = {isa = PBXFileReference; explicitFileType = wrapper.cfbundle; includeInIndex = 0; path = "Pitch PerfectTests.xctest"; sourceTree = BUILT_PRODUCTS_DIR; };
		EEA4055C1AAF12E200900C95 /* Info.plist */ = {isa = PBXFileReference; lastKnownFileType = text.plist.xml; path = Info.plist; sourceTree = "<group>"; };
		EEA4055D1AAF12E200900C95 /* Pitch_PerfectTests.swift */ = {isa = PBXFileReference; lastKnownFileType = sourcecode.swift; path = Pitch_PerfectTests.swift; sourceTree = "<group>"; };
/* End PBXFileReference section */

/* Begin PBXFrameworksBuildPhase section */
		EEA4053F1AAF12E100900C95 /* Frameworks */ = {
			isa = PBXFrameworksBuildPhase;
			buildActionMask = 2147483647;
			files = (
			);
			runOnlyForDeploymentPostprocessing = 0;
		};
		EEA405541AAF12E200900C95 /* Frameworks */ = {
			isa = PBXFrameworksBuildPhase;
			buildActionMask = 2147483647;
			files = (
			);
			runOnlyForDeploymentPostprocessing = 0;
		};
/* End PBXFrameworksBuildPhase section */

/* Begin PBXGroup section */
		EEA405391AAF12E100900C95 = {
			isa = PBXGroup;
			children = (
				EEA405441AAF12E100900C95 /* Pitch Perfect */,
				EEA4055A1AAF12E200900C95 /* Pitch PerfectTests */,
				EEA405431AAF12E100900C95 /* Products */,
			);
			sourceTree = "<group>";
		};
		EEA405431AAF12E100900C95 /* Products */ = {
			isa = PBXGroup;
			children = (
				EEA405421AAF12E100900C95 /* Pitch Perfect.app */,
				EEA405571AAF12E200900C95 /* Pitch PerfectTests.xctest */,
			);
			name = Products;
			sourceTree = "<group>";
		};
		EEA405441AAF12E100900C95 /* Pitch Perfect */ = {
			isa = PBXGroup;
			children = (
				EEA405471AAF12E100900C95 /* AppDelegate.swift */,
				EEA405491AAF12E100900C95 /* ViewController.swift */,
				EEA4054B1AAF12E100900C95 /* Main.storyboard */,
				EEA4054E1AAF12E100900C95 /* Images.xcassets */,
				EEA405501AAF12E100900C95 /* LaunchScreen.xib */,
				EEA405451AAF12E100900C95 /* Supporting Files */,
			);
			path = "Pitch Perfect";
			sourceTree = "<group>";
		};
		EEA405451AAF12E100900C95 /* Supporting Files */ = {
			isa = PBXGroup;
			children = (
				EEA405461AAF12E100900C95 /* Info.plist */,
			);
			name = "Supporting Files";
			sourceTree = "<group>";
		};
		EEA4055A1AAF12E200900C95 /* Pitch PerfectTests */ = {
			isa = PBXGroup;
			children = (
				EEA4055D1AAF12E200900C95 /* Pitch_PerfectTests.swift */,
				EEA4055B1AAF12E200900C95 /* Supporting Files */,
			);
			path = "Pitch PerfectTests";
			sourceTree = "<group>";
		};
		EEA4055B1AAF12E200900C95 /* Supporting Files */ = {
			isa = PBXGroup;
			children = (
				EEA4055C1AAF12E200900C95 /* Info.plist */,
			);
			name = "Supporting Files";
			sourceTree = "<group>";
		};
/* End PBXGroup section */

/* Begin PBXNativeTarget section */
		EEA405411AAF12E100900C95 /* Pitch Perfect */ = {
			isa = PBXNativeTarget;
			buildConfigurationList = EEA405611AAF12E200900C95 /* Build configuration list for PBXNativeTarget "Pitch Perfect" */;
			buildPhases = (
				EEA4053E1AAF12E100900C95 /* Sources */,
				EEA4053F1AAF12E100900C95 /* Frameworks */,
				EEA405401AAF12E100900C95 /* Resources */,
			);
			buildRules = (
			);
			dependencies = (
			);
			name = "Pitch Perfect";
			productName = "Pitch Perfect";
			productReference = EEA405421AAF12E100900C95 /* Pitch Perfect.app */;
			productType = "com.apple.product-type.application";
		};
		EEA405561AAF12E200900C95 /* Pitch PerfectTests */ = {
			isa = PBXNativeTarget;
			buildConfigurationList = EEA405641AAF12E200900C95 /* Build configuration list for PBXNativeTarget "Pitch PerfectTests" */;
			buildPhases = (
				EEA405531AAF12E200900C95 /* Sources */,
				EEA405541AAF12E200900C95 /* Frameworks */,
				EEA405551AAF12E200900C95 /* Resources */,
			);
			buildRules = (
			);
			dependencies = (
				EEA405591AAF12E200900C95 /* PBXTargetDependency */,
			);
			name = "Pitch PerfectTests";
			productName = "Pitch PerfectTests";
			productReference = EEA405571AAF12E200900C95 /* Pitch PerfectTests.xctest */;
			productType = "com.apple.product-type.bundle.unit-test";
		};
/* End PBXNativeTarget section */

/* Begin PBXProject section */
		EEA4053A1AAF12E100900C95 /* Project object */ = {
			isa = PBXProject;
			attributes = {
				LastUpgradeCheck = 0610;
				ORGANIZATIONNAME = Harshit;
				TargetAttributes = {
					EEA405411AAF12E100900C95 = {
						CreatedOnToolsVersion = 6.1.1;
					};
					EEA405561AAF12E200900C95 = {
						CreatedOnToolsVersion = 6.1.1;
						TestTargetID = EEA405411AAF12E100900C95;
					};
				};
			};
			buildConfigurationList = EEA4053D1AAF12E100900C95 /* Build configuration list for PBXProject "Pitch Perfect" */;
			compatibilityVersion = "Xcode 3.2";
			developmentRegion = English;
			hasScannedForEncodings = 0;
			knownRegions = (
				en,
				Base,
			);
			mainGroup = EEA405391AAF12E100900C95;
			productRefGroup = EEA405431AAF12E100900C95 /* Products */;
			projectDirPath = "";
			projectRoot = "";
			targets = (
				EEA405411AAF12E100900C95 /* Pitch Perfect */,
				EEA405561AAF12E200900C95 /* Pitch PerfectTests */,
			);
		};
/* End PBXProject section */

/* Begin PBXResourcesBuildPhase section */
		EEA405401AAF12E100900C95 /* Resources */ = {
			isa = PBXResourcesBuildPhase;
			buildActionMask = 2147483647;
			files = (
				EEA4054D1AAF12E100900C95 /* Main.storyboard in Resources */,
				EEA405521AAF12E100900C95 /* LaunchScreen.xib in Resources */,
				EEA4054F1AAF12E100900C95 /* Images.xcassets in Resources */,
			);
			runOnlyForDeploymentPostprocessing = 0;
		};
		EEA405551AAF12E200900C95 /* Resources */ = {
			isa = PBXResourcesBuildPhase;
			buildActionMask = 2147483647;
			files = (
			);
			runOnlyForDeploymentPostprocessing = 0;
		};
/* End PBXResourcesBuildPhase section */

/* Begin PBXSourcesBuildPhase section */
		EEA4053E1AAF12E100900C95 /* Sources */ = {
			isa = PBXSourcesBuildPhase;
			buildActionMask = 2147483647;
			files = (
				EEA4054A1AAF12E100900C95 /* ViewController.swift in Sources */,
				EEA405481AAF12E100900C95 /* AppDelegate.swift in Sources */,
			);
			runOnlyForDeploymentPostprocessing = 0;
		};
		EEA405531AAF12E200900C95 /* Sources */ = {
			isa = PBXSourcesBuildPhase;
			buildActionMask = 2147483647;
			files = (
				EEA4055E1AAF12E200900C95 /* Pitch_PerfectTests.swift in Sources */,
			);
			runOnlyForDeploymentPostprocessing = 0;
		};
/* End PBXSourcesBuildPhase section */

/* Begin PBXTargetDependency section */
		EEA405591AAF12E200900C95 /* PBXTargetDependency */ = {
			isa = PBXTargetDependency;
			target = EEA405411AAF12E100900C95 /* Pitch Perfect */;
			targetProxy = EEA405581AAF12E200900C95 /* PBXContainerItemProxy */;
		};
/* End PBXTargetDependency section */

/* Begin PBXVariantGroup section */
		EEA4054B1AAF12E100900C95 /* Main.storyboard */ = {
			isa = PBXVariantGroup;
			children = (
				EEA4054C1AAF12E100900C95 /* Base */,
			);
			name = Main.storyboard;
			sourceTree = "<group>";
		};
		EEA405501AAF12E100900C95 /* LaunchScreen.xib */ = {
			isa = PBXVariantGroup;
			children = (
				EEA405511AAF12E100900C95 /* Base */,
			);
			name = LaunchScreen.xib;
			sourceTree = "<group>";
		};
/* End PBXVariantGroup section */

/* Begin XCBuildConfiguration section */
		EEA4055F1AAF12E200900C95 /* Debug */ = {
			isa = XCBuildConfiguration;
			buildSettings = {
				ALWAYS_SEARCH_USER_PATHS = NO;
				CLANG_CXX_LANGUAGE_STANDARD = "gnu++0x";
				CLANG_CXX_LIBRARY = "libc++";
				CLANG_ENABLE_MODULES = YES;
				CLANG_ENABLE_OBJC_ARC = YES;
				CLANG_WARN_BOOL_CONVERSION = YES;
				CLANG_WARN_CONSTANT_CONVERSION = YES;
				CLANG_WARN_DIRECT_OBJC_ISA_USAGE = YES_ERROR;
				CLANG_WARN_EMPTY_BODY = YES;
				CLANG_WARN_ENUM_CONVERSION = YES;
				CLANG_WARN_INT_CONVERSION = YES;
				CLANG_WARN_OBJC_ROOT_CLASS = YES_ERROR;
				CLANG_WARN_UNREACHABLE_CODE = YES;
				CLANG_WARN__DUPLICATE_METHOD_MATCH = YES;
				"CODE_SIGN_IDENTITY[sdk=iphoneos*]" = "iPhone Developer";
				COPY_PHASE_STRIP = NO;
				ENABLE_STRICT_OBJC_MSGSEND = YES;
				GCC_C_LANGUAGE_STANDARD = gnu99;
				GCC_DYNAMIC_NO_PIC = NO;
				GCC_OPTIMIZATION_LEVEL = 0;
				GCC_PREPROCESSOR_DEFINITIONS = (
					"DEBUG=1",
					"$(inherited)",
				);
				GCC_SYMBOLS_PRIVATE_EXTERN = NO;
				GCC_WARN_64_TO_32_BIT_CONVERSION = YES;
				GCC_WARN_ABOUT_RETURN_TYPE = YES_ERROR;
				GCC_WARN_UNDECLARED_SELECTOR = YES;
				GCC_WARN_UNINITIALIZED_AUTOS = YES_AGGRESSIVE;
				GCC_WARN_UNUSED_FUNCTION = YES;
				GCC_WARN_UNUSED_VARIABLE = YES;
				IPHONEOS_DEPLOYMENT_TARGET = 8.1;
				MTL_ENABLE_DEBUG_INFO = YES;
				ONLY_ACTIVE_ARCH = YES;
				SDKROOT = iphoneos;
				SWIFT_OPTIMIZATION_LEVEL = "-Onone";
			};
			name = Debug;
		};
		EEA405601AAF12E200900C95 /* Release */ = {
			isa = XCBuildConfiguration;
			buildSettings = {
				ALWAYS_SEARCH_USER_PATHS = NO;
				CLANG_CXX_LANGUAGE_STANDARD = "gnu++0x";
				CLANG_CXX_LIBRARY = "libc++";
				CLANG_ENABLE_MODULES = YES;
				CLANG_ENABLE_OBJC_ARC = YES;
				CLANG_WARN_BOOL_CONVERSION = YES;
				CLANG_WARN_CONSTANT_CONVERSION = YES;
				CLANG_WARN_DIRECT_OBJC_ISA_USAGE = YES_ERROR;
				CLANG_WARN_EMPTY_BODY = YES;
				CLANG_WARN_ENUM_CONVERSION = YES;
				CLANG_WARN_INT_CONVERSION = YES;
				CLANG_WARN_OBJC_ROOT_CLASS = YES_ERROR;
				CLANG_WARN_UNREACHABLE_CODE = YES;
				CLANG_WARN__DUPLICATE_METHOD_MATCH = YES;
				"CODE_SIGN_IDENTITY[sdk=iphoneos*]" = "iPhone Developer";
				COPY_PHASE_STRIP = YES;
				ENABLE_NS_ASSERTIONS = NO;
				ENABLE_STRICT_OBJC_MSGSEND = YES;
				GCC_C_LANGUAGE_STANDARD = gnu99;
				GCC_WARN_64_TO_32_BIT_CONVERSION = YES;
				GCC_WARN_ABOUT_RETURN_TYPE = YES_ERROR;
				GCC_WARN_UNDECLARED_SELECTOR = YES;
				GCC_WARN_UNINITIALIZED_AUTOS = YES_AGGRESSIVE;
				GCC_WARN_UNUSED_FUNCTION = YES;
				GCC_WARN_UNUSED_VARIABLE = YES;
				IPHONEOS_DEPLOYMENT_TARGET = 8.1;
				MTL_ENABLE_DEBUG_INFO = NO;
				SDKROOT = iphoneos;
				VALIDATE_PRODUCT = YES;
			};
			name = Release;
		};
		EEA405621AAF12E200900C95 /* Debug */ = {
			isa = XCBuildConfiguration;
			buildSettings = {
				ASSETCATALOG_COMPILER_APPICON_NAME = AppIcon;
				INFOPLIST_FILE = "Pitch Perfect/Info.plist";
				LD_RUNPATH_SEARCH_PATHS = "$(inherited) @executable_path/Frameworks";
				PRODUCT_NAME = "$(TARGET_NAME)";
			};
			name = Debug;
		};
		EEA405631AAF12E200900C95 /* Release */ = {
			isa = XCBuildConfiguration;
			buildSettings = {
				ASSETCATALOG_COMPILER_APPICON_NAME = AppIcon;
				INFOPLIST_FILE = "Pitch Perfect/Info.plist";
				LD_RUNPATH_SEARCH_PATHS = "$(inherited) @executable_path/Frameworks";
				PRODUCT_NAME = "$(TARGET_NAME)";
			};
			name = Release;
		};
		EEA405651AAF12E200900C95 /* Debug */ = {
			isa = XCBuildConfiguration;
			buildSettings = {
				BUNDLE_LOADER = "$(TEST_HOST)";
				FRAMEWORK_SEARCH_PATHS = (
					"$(SDKROOT)/Developer/Library/Frameworks",
					"$(inherited)",
				);
				GCC_PREPROCESSOR_DEFINITIONS = (
					"DEBUG=1",
					"$(inherited)",
				);
				INFOPLIST_FILE = "Pitch PerfectTests/Info.plist";
				LD_RUNPATH_SEARCH_PATHS = "$(inherited) @executable_path/Frameworks @loader_path/Frameworks";
				PRODUCT_NAME = "$(TARGET_NAME)";
				TEST_HOST = "$(BUILT_PRODUCTS_DIR)/Pitch Perfect.app/Pitch Perfect";
			};
			name = Debug;
		};
		EEA405661AAF12E200900C95 /* Release */ = {
			isa = XCBuildConfiguration;
			buildSettings = {
				BUNDLE_LOADER = "$(TEST_HOST)";
				FRAMEWORK_SEARCH_PATHS = (
					"$(SDKROOT)/Developer/Library/Frameworks",
					"$(inherited)",
				);
				INFOPLIST_FILE = "Pitch PerfectTests/Info.plist";
				LD_RUNPATH_SEARCH_PATHS = "$(inherited) @executable_path/Frameworks @loader_path/Frameworks";
				PRODUCT_NAME = "$(TARGET_NAME)";
				TEST_HOST = "$(BUILT_PRODUCTS_DIR)/Pitch Perfect.app/Pitch Perfect";
			};
			name = Release;
		};
/* End XCBuildConfiguration section */

/* Begin XCConfigurationList section */
		EEA4053D1AAF12E100900C95 /* Build configuration list for PBXProject "Pitch Perfect" */ = {
			isa = XCConfigurationList;
			buildConfigurations = (
				EEA4055F1AAF12E200900C95 /* Debug */,
				EEA405601AAF12E200900C95 /* Release */,
			);
			defaultConfigurationIsVisible = 0;
			defaultConfigurationName = Release;
		};
		EEA405611AAF12E200900C95 /* Build configuration list for PBXNativeTarget "Pitch Perfect" */ = {
			isa = XCConfigurationList;
			buildConfigurations = (
				EEA405621AAF12E200900C95 /* Debug */,
				EEA405631AAF12E200900C95 /* Release */,
			);
			defaultConfigurationIsVisible = 0;
		};
		EEA405641AAF12E200900C95 /* Build configuration list for PBXNativeTarget "Pitch PerfectTests" */ = {
			isa = XCConfigurationList;
			buildConfigurations = (
				EEA405651AAF12E200900C95 /* Debug */,
				EEA405661AAF12E200900C95 /* Release */,
			);
			defaultConfigurationIsVisible = 0;
		};
/* End XCConfigurationList section */
	};
	rootObject = EEA4053A1AAF12E100900C95 /* Project object */;
}
